<?xml version="1.0" encoding="utf-8"?>
<Project ToolsVersion="4.0" xmlns="http://schemas.microsoft.com/developer/msbuild/2003">
  <ItemGroup>
    <ApplicationDefinition Include="App.xaml" />
  </ItemGroup>
  <ItemGroup>
    <Midl Include="App.idl" />
  </ItemGroup>
  <ItemGroup>
    <ClCompile Include="pch.cpp" />
    <ClCompile Include="App.cpp" />
    <ClCompile Include="$(GeneratedFilesDir)module.g.cpp" />
    <ClCompile Include="ReactPackageProvider.cpp" />
    <ClCompile Include="AutolinkedNativeModules.g.cpp" />
    <ClCompile Include="CodePush.cpp">
      <Filter>CodePush</Filter>
    </ClCompile>
    <ClCompile Include="CodePushUtils.cpp">
      <Filter>CodePush</Filter>
    </ClCompile>
    <ClCompile Include="CodePushPackage.cpp">
      <Filter>CodePush</Filter>
    </ClCompile>
    <ClCompile Include="miniz.c">
      <Filter>Miniz</Filter>
    </ClCompile>
    <ClCompile Include="CodePushConfig.cpp">
      <Filter>CodePush</Filter>
    </ClCompile>
  </ItemGroup>
  <ItemGroup>
    <ClInclude Include="pch.h" />
    <ClInclude Include="App.h" />
    <ClInclude Include="ReactPackageProvider.h" />
    <ClInclude Include="AutolinkedNativeModules.g.h" />
    <ClInclude Include="CodePush.h">
      <Filter>CodePush</Filter>
    </ClInclude>
    <ClInclude Include="CodePushUtils.h">
      <Filter>CodePush</Filter>
    </ClInclude>
    <ClInclude Include="CodePushPackage.h">
      <Filter>CodePush</Filter>
    </ClInclude>
    <ClInclude Include="miniz.h">
      <Filter>Miniz</Filter>
    </ClInclude>
    <ClInclude Include="CodePushConfig.h">
      <Filter>CodePush</Filter>
    </ClInclude>
    <ClInclude Include="CodePushDownloadHandler.h">
      <Filter>CodePush</Filter>
    </ClInclude>
    <ClInclude Include="CodePushUpdateUtils.h">
      <Filter>CodePush</Filter>
    </ClInclude>
    <ClInclude Include="CodePushTelemetryManager.h">
      <Filter>CodePush</Filter>
    </ClInclude>
  </ItemGroup>
  <ItemGroup>
    <Image Include="Assets\Wide310x150Logo.scale-200.png">
      <Filter>Assets</Filter>
    </Image>
    <Image Include="Assets\StoreLogo.png">
      <Filter>Assets</Filter>
    </Image>
    <Image Include="Assets\Square150x150Logo.scale-200.png">
      <Filter>Assets</Filter>
    </Image>
    <Image Include="Assets\Square44x44Logo.targetsize-24_altform-unplated.png">
      <Filter>Assets</Filter>
    </Image>
    <Image Include="Assets\Square44x44Logo.scale-200.png">
      <Filter>Assets</Filter>
    </Image>
    <Image Include="Assets\SplashScreen.scale-200.png">
      <Filter>Assets</Filter>
    </Image>
    <Image Include="Assets\LockScreenLogo.scale-200.png">
      <Filter>Assets</Filter>
    </Image>
  </ItemGroup>
  <ItemGroup>
    <AppxManifest Include="Package.appxmanifest" />
  </ItemGroup>
  <ItemGroup>
    <Filter Include="Assets">
      <UniqueIdentifier>{e48dc53e-40b1-40cb-970a-f89935452892}</UniqueIdentifier>
    </Filter>
    <Filter Include="CodePush">
      <UniqueIdentifier>{a6cfefef-527f-4450-82e5-1fc53152a8d4}</UniqueIdentifier>
    </Filter>
    <Filter Include="Miniz">
      <UniqueIdentifier>{f107ad2d-e4d3-465b-bec9-fb13c2ee7b53}</UniqueIdentifier>
    </Filter>
  </ItemGroup>
  <ItemGroup>
    <None Include="PropertySheet.props" />
    <None Include="packages.config" />
  </ItemGroup>
  <ItemGroup>
    <Text Include="readme.txt" />
  </ItemGroup>
</Project>